
Microsoft Visual Studio Solution File, Format Version 12.00
# Visual Studio Version 16
VisualStudioVersion = 16.6.30114.105
MinimumVisualStudioVersion = 10.0.40219.1
Project("{9A19103F-16F7-4668-BE54-9A1E7A4F7556}") = "RestWithASPNET", "RestWithASPNET\RestWithASPNET.csproj", "{F4D20177-FAB8-4132-8D04-C4906C04DCF3}"
EndProject
Global
	GlobalSection(SolutionConfigurationPlatforms) = preSolution
		Debug|Any CPU = Debug|Any CPU
		Debug|x64 = Debug|x64
		Debug|x86 = Debug|x86
		Release|Any CPU = Release|Any CPU
		Release|x64 = Release|x64
		Release|x86 = Release|x86
	EndGlobalSection
	GlobalSection(ProjectConfigurationPlatforms) = postSolution
		{F4D20177-FAB8-4132-8D04-C4906C04DCF3}.Debug|Any CPU.ActiveCfg = Debug|Any CPU
		{F4D20177-FAB8-4132-8D04-C4906C04DCF3}.Debug|Any CPU.Build.0 = Debug|Any CPU
		{F4D20177-FAB8-4132-8D04-C4906C04DCF3}.Debug|x64.ActiveCfg = Debug|Any CPU
		{F4D20177-FAB8-4132-8D04-C4906C04DCF3}.Debug|x64.Build.0 = Debug|Any CPU
		{F4D20177-FAB8-4132-8D04-C4906C04DCF3}.Debug|x86.ActiveCfg = Debug|Any CPU
		{F4D20177-FAB8-4132-8D04-C4906C04DCF3}.Debug|x86.Build.0 = Debug|Any CPU
		{F4D20177-FAB8-4132-8D04-C4906C04DCF3}.Release|Any CPU.ActiveCfg = Release|Any CPU
		{F4D20177-FAB8-4132-8D04-C4906C04DCF3}.Release|Any CPU.Build.0 = Release|Any CPU
		{F4D20177-FAB8-4132-8D04-C4906C04DCF3}.Release|x64.ActiveCfg = Release|Any CPU
		{F4D20177-FAB8-4132-8D04-C4906C04DCF3}.Release|x64.Build.0 = Release|Any CPU
		{F4D20177-FAB8-4132-8D04-C4906C04DCF3}.Release|x86.ActiveCfg = Release|Any CPU
		{F4D20177-FAB8-4132-8D04-C4906C04DCF3}.Release|x86.Build.0 = Release|Any CPU
	EndGlobalSection
	GlobalSection(SolutionProperties) = preSolution
		HideSolutionNode = FALSE
	EndGlobalSection
	GlobalSection(ExtensibilityGlobals) = postSolution
		SolutionGuid = {D3DA6A4B-3DC2-4F91-BF8D-EF611E591D12}
	EndGlobalSection
EndGlobal
